
Microsoft Visual Studio Solution File, Format Version 12.00
# Visual Studio Version 17
VisualStudioVersion = 17.9.34728.123
MinimumVisualStudioVersion = 10.0.40219.1
Project("{FAE04EC0-301F-11D3-BF4B-00C04F79EFBC}") = "IdentifierArchiveCore", "IdentifierArchiveCore.csproj", "{008AC256-2906-41F5-9EBF-F7FB464D17F4}"
EndProject
Global
	GlobalSection(SolutionConfigurationPlatforms) = preSolution
		Debug|Any CPU = Debug|Any CPU
		Release|Any CPU = Release|Any CPU
	EndGlobalSection
	GlobalSection(ProjectConfigurationPlatforms) = postSolution
		{008AC256-2906-41F5-9EBF-F7FB464D17F4}.Debug|Any CPU.ActiveCfg = Debug|Any CPU
		{008AC256-2906-41F5-9EBF-F7FB464D17F4}.Debug|Any CPU.Build.0 = Debug|Any CPU
		{008AC256-2906-41F5-9EBF-F7FB464D17F4}.Release|Any CPU.ActiveCfg = Release|Any CPU
		{008AC256-2906-41F5-9EBF-F7FB464D17F4}.Release|Any CPU.Build.0 = Release|Any CPU
	EndGlobalSection
	GlobalSection(SolutionProperties) = preSolution
		HideSolutionNode = FALSE
	EndGlobalSection
	GlobalSection(ExtensibilityGlobals) = postSolution
		SolutionGuid = {3A96C6BA-AA4A-4E8F-B4F8-8BF69DD59551}
	EndGlobalSection
EndGlobal
